// !$*UTF8*$!
{
	archiveVersion = 1;
	classes = {
	};
	objectVersion = 46;
	objects = {

/* Begin PBXBuildFile section */
		A5C2E8BBDB7EEB2582FE819F /* Pods_PlayVideos.framework in Frameworks */ = {isa = PBXBuildFile; fileRef = 9DE4C7C429D3B95BCA7146CB /* Pods_PlayVideos.framework */; };
		DDD593E11E2966C4000EF4B6 /* AppDelegate.swift in Sources */ = {isa = PBXBuildFile; fileRef = DDD593E01E2966C4000EF4B6 /* AppDelegate.swift */; };
		DDD593E31E2966C4000EF4B6 /* ViewController.swift in Sources */ = {isa = PBXBuildFile; fileRef = DDD593E21E2966C4000EF4B6 /* ViewController.swift */; };
		DDD593E61E2966C4000EF4B6 /* Main.storyboard in Resources */ = {isa = PBXBuildFile; fileRef = DDD593E41E2966C4000EF4B6 /* Main.storyboard */; };
		DDD593E81E2966C4000EF4B6 /* Assets.xcassets in Resources */ = {isa = PBXBuildFile; fileRef = DDD593E71E2966C4000EF4B6 /* Assets.xcassets */; };
		DDD593EB1E2966C4000EF4B6 /* LaunchScreen.storyboard in Resources */ = {isa = PBXBuildFile; fileRef = DDD593E91E2966C4000EF4B6 /* LaunchScreen.storyboard */; };
		DDD593F41E29693C000EF4B6 /* DataService.swift in Sources */ = {isa = PBXBuildFile; fileRef = DDD593F31E29693C000EF4B6 /* DataService.swift */; };
/* End PBXBuildFile section */

/* Begin PBXFileReference section */
		9DE4C7C429D3B95BCA7146CB /* Pods_PlayVideos.framework */ = {isa = PBXFileReference; explicitFileType = wrapper.framework; includeInIndex = 0; path = Pods_PlayVideos.framework; sourceTree = BUILT_PRODUCTS_DIR; };
		C620936769AB3FF5786EDB6E /* Pods-PlayVideos.release.xcconfig */ = {isa = PBXFileReference; includeInIndex = 1; lastKnownFileType = text.xcconfig; name = "Pods-PlayVideos.release.xcconfig"; path = "Pods/Target Support Files/Pods-PlayVideos/Pods-PlayVideos.release.xcconfig"; sourceTree = "<group>"; };
		DDD593DD1E2966C4000EF4B6 /* PlayVideos.app */ = {isa = PBXFileReference; explicitFileType = wrapper.application; includeInIndex = 0; path = PlayVideos.app; sourceTree = BUILT_PRODUCTS_DIR; };
		DDD593E01E2966C4000EF4B6 /* AppDelegate.swift */ = {isa = PBXFileReference; lastKnownFileType = sourcecode.swift; path = AppDelegate.swift; sourceTree = "<group>"; };
		DDD593E21E2966C4000EF4B6 /* ViewController.swift */ = {isa = PBXFileReference; lastKnownFileType = sourcecode.swift; path = ViewController.swift; sourceTree = "<group>"; };
		DDD593E51E2966C4000EF4B6 /* Base */ = {isa = PBXFileReference; lastKnownFileType = file.storyboard; name = Base; path = Base.lproj/Main.storyboard; sourceTree = "<group>"; };
		DDD593E71E2966C4000EF4B6 /* Assets.xcassets */ = {isa = PBXFileReference; lastKnownFileType = folder.assetcatalog; path = Assets.xcassets; sourceTree = "<group>"; };
		DDD593EA1E2966C4000EF4B6 /* Base */ = {isa = PBXFileReference; lastKnownFileType = file.storyboard; name = Base; path = Base.lproj/LaunchScreen.storyboard; sourceTree = "<group>"; };
		DDD593EC1E2966C4000EF4B6 /* Info.plist */ = {isa = PBXFileReference; lastKnownFileType = text.plist.xml; path = Info.plist; sourceTree = "<group>"; };
		DDD593F31E29693C000EF4B6 /* DataService.swift */ = {isa = PBXFileReference; fileEncoding = 4; lastKnownFileType = sourcecode.swift; path = DataService.swift; sourceTree = "<group>"; };
		E0E9A8CE77413B098F66DBFE /* Pods-PlayVideos.debug.xcconfig */ = {isa = PBXFileReference; includeInIndex = 1; lastKnownFileType = text.xcconfig; name = "Pods-PlayVideos.debug.xcconfig"; path = "Pods/Target Support Files/Pods-PlayVideos/Pods-PlayVideos.debug.xcconfig"; sourceTree = "<group>"; };
/* End PBXFileReference section */

/* Begin PBXFrameworksBuildPhase section */
		DDD593DA1E2966C4000EF4B6 /* Frameworks */ = {
			isa = PBXFrameworksBuildPhase;
			buildActionMask = 2147483647;
			files = (
				A5C2E8BBDB7EEB2582FE819F /* Pods_PlayVideos.framework in Frameworks */,
			);
			runOnlyForDeploymentPostprocessing = 0;
		};
/* End PBXFrameworksBuildPhase section */

/* Begin PBXGroup section */
		2E37AA2F9A061286A42067E0 /* Pods */ = {
			isa = PBXGroup;
			children = (
				E0E9A8CE77413B098F66DBFE /* Pods-PlayVideos.debug.xcconfig */,
				C620936769AB3FF5786EDB6E /* Pods-PlayVideos.release.xcconfig */,
			);
			name = Pods;
			sourceTree = "<group>";
		};
		C61492E4BB99DF51A8577A48 /* Frameworks */ = {
			isa = PBXGroup;
			children = (
				9DE4C7C429D3B95BCA7146CB /* Pods_PlayVideos.framework */,
			);
			name = Frameworks;
			sourceTree = "<group>";
		};
		DDD593D41E2966C4000EF4B6 = {
			isa = PBXGroup;
			children = (
				DDD593DF1E2966C4000EF4B6 /* PlayVideos */,
				DDD593DE1E2966C4000EF4B6 /* Products */,
				2E37AA2F9A061286A42067E0 /* Pods */,
				C61492E4BB99DF51A8577A48 /* Frameworks */,
			);
			sourceTree = "<group>";
		};
		DDD593DE1E2966C4000EF4B6 /* Products */ = {
			isa = PBXGroup;
			children = (
				DDD593DD1E2966C4000EF4B6 /* PlayVideos.app */,
			);
			name = Products;
			sourceTree = "<group>";
		};
		DDD593DF1E2966C4000EF4B6 /* PlayVideos */ = {
			isa = PBXGroup;
			children = (
				DDD593F21E296930000EF4B6 /* Service */,
				DDD593E01E2966C4000EF4B6 /* AppDelegate.swift */,
				DDD593E21E2966C4000EF4B6 /* ViewController.swift */,
				DDD593E41E2966C4000EF4B6 /* Main.storyboard */,
				DDD593E71E2966C4000EF4B6 /* Assets.xcassets */,
				DDD593E91E2966C4000EF4B6 /* LaunchScreen.storyboard */,
				DDD593EC1E2966C4000EF4B6 /* Info.plist */,
			);
			path = PlayVideos;
			sourceTree = "<group>";
		};
		DDD593F21E296930000EF4B6 /* Service */ = {
			isa = PBXGroup;
			children = (
				DDD593F31E29693C000EF4B6 /* DataService.swift */,
			);
			name = Service;
			sourceTree = "<group>";
		};
/* End PBXGroup section */

/* Begin PBXNativeTarget section */
		DDD593DC1E2966C4000EF4B6 /* PlayVideos */ = {
			isa = PBXNativeTarget;
			buildConfigurationList = DDD593EF1E2966C4000EF4B6 /* Build configuration list for PBXNativeTarget "PlayVideos" */;
			buildPhases = (
				0FEC80F507E3A92B45341484 /* [CP] Check Pods Manifest.lock */,
				DDD593D91E2966C4000EF4B6 /* Sources */,
				DDD593DA1E2966C4000EF4B6 /* Frameworks */,
				DDD593DB1E2966C4000EF4B6 /* Resources */,
				CAE4785D4325727169C4A01E /* [CP] Embed Pods Frameworks */,
				B132F0B6F43BAAE5DE08CDE7 /* [CP] Copy Pods Resources */,
			);
			buildRules = (
			);
			dependencies = (
			);
			name = PlayVideos;
			productName = PlayVideos;
			productReference = DDD593DD1E2966C4000EF4B6 /* PlayVideos.app */;
			productType = "com.apple.product-type.application";
		};
/* End PBXNativeTarget section */

/* Begin PBXProject section */
		DDD593D51E2966C4000EF4B6 /* Project object */ = {
			isa = PBXProject;
			attributes = {
				LastSwiftUpdateCheck = 0810;
				LastUpgradeCheck = 0810;
				ORGANIZATIONNAME = Nativapps;
				TargetAttributes = {
					DDD593DC1E2966C4000EF4B6 = {
						CreatedOnToolsVersion = 8.1;
						ProvisioningStyle = Automatic;
					};
				};
			};
			buildConfigurationList = DDD593D81E2966C4000EF4B6 /* Build configuration list for PBXProject "PlayVideos" */;
			compatibilityVersion = "Xcode 3.2";
			developmentRegion = English;
			hasScannedForEncodings = 0;
			knownRegions = (
				en,
				Base,
			);
			mainGroup = DDD593D41E2966C4000EF4B6;
			productRefGroup = DDD593DE1E2966C4000EF4B6 /* Products */;
			projectDirPath = "";
			projectRoot = "";
			targets = (
				DDD593DC1E2966C4000EF4B6 /* PlayVideos */,
			);
		};
/* End PBXProject section */

/* Begin PBXResourcesBuildPhase section */
		DDD593DB1E2966C4000EF4B6 /* Resources */ = {
			isa = PBXResourcesBuildPhase;
			buildActionMask = 2147483647;
			files = (
				DDD593EB1E2966C4000EF4B6 /* LaunchScreen.storyboard in Resources */,
				DDD593E81E2966C4000EF4B6 /* Assets.xcassets in Resources */,
				DDD593E61E2966C4000EF4B6 /* Main.storyboard in Resources */,
			);
			runOnlyForDeploymentPostprocessing = 0;
		};
/* End PBXResourcesBuildPhase section */

/* Begin PBXShellScriptBuildPhase section */
		0FEC80F507E3A92B45341484 /* [CP] Check Pods Manifest.lock */ = {
			isa = PBXShellScriptBuildPhase;
			buildActionMask = 2147483647;
			files = (
			);
			inputPaths = (
			);
			name = "[CP] Check Pods Manifest.lock";
			outputPaths = (
			);
			runOnlyForDeploymentPostprocessing = 0;
			shellPath = /bin/sh;
			shellScript = "diff \"${PODS_ROOT}/../Podfile.lock\" \"${PODS_ROOT}/Manifest.lock\" > /dev/null\nif [ $? != 0 ] ; then\n    # print error to STDERR\n    echo \"error: The sandbox is not in sync with the Podfile.lock. Run 'pod install' or update your CocoaPods installation.\" >&2\n    exit 1\nfi\n";
			showEnvVarsInLog = 0;
		};
		B132F0B6F43BAAE5DE08CDE7 /* [CP] Copy Pods Resources */ = {
			isa = PBXShellScriptBuildPhase;
			buildActionMask = 2147483647;
			files = (
			);
			inputPaths = (
			);
			name = "[CP] Copy Pods Resources";
			outputPaths = (
			);
			runOnlyForDeploymentPostprocessing = 0;
			shellPath = /bin/sh;
			shellScript = "\"${SRCROOT}/Pods/Target Support Files/Pods-PlayVideos/Pods-PlayVideos-resources.sh\"\n";
			showEnvVarsInLog = 0;
		};
		CAE4785D4325727169C4A01E /* [CP] Embed Pods Frameworks */ = {
			isa = PBXShellScriptBuildPhase;
			buildActionMask = 2147483647;
			files = (
			);
			inputPaths = (
			);
			name = "[CP] Embed Pods Frameworks";
			outputPaths = (
			);
			runOnlyForDeploymentPostprocessing = 0;
			shellPath = /bin/sh;
			shellScript = "\"${SRCROOT}/Pods/Target Support Files/Pods-PlayVideos/Pods-PlayVideos-frameworks.sh\"\n";
			showEnvVarsInLog = 0;
		};
/* End PBXShellScriptBuildPhase section */

/* Begin PBXSourcesBuildPhase section */
		DDD593D91E2966C4000EF4B6 /* Sources */ = {
			isa = PBXSourcesBuildPhase;
			buildActionMask = 2147483647;
			files = (
				DDD593F41E29693C000EF4B6 /* DataService.swift in Sources */,
				DDD593E31E2966C4000EF4B6 /* ViewController.swift in Sources */,
				DDD593E11E2966C4000EF4B6 /* AppDelegate.swift in Sources */,
			);
			runOnlyForDeploymentPostprocessing = 0;
		};
/* End PBXSourcesBuildPhase section */

/* Begin PBXVariantGroup section */
		DDD593E41E2966C4000EF4B6 /* Main.storyboard */ = {
			isa = PBXVariantGroup;
			children = (
				DDD593E51E2966C4000EF4B6 /* Base */,
			);
			name = Main.storyboard;
			sourceTree = "<group>";
		};
		DDD593E91E2966C4000EF4B6 /* LaunchScreen.storyboard */ = {
			isa = PBXVariantGroup;
			children = (
				DDD593EA1E2966C4000EF4B6 /* Base */,
			);
			name = LaunchScreen.storyboard;
			sourceTree = "<group>";
		};
/* End PBXVariantGroup section */

/* Begin XCBuildConfiguration section */
		DDD593ED1E2966C4000EF4B6 /* Debug */ = {
			isa = XCBuildConfiguration;
			buildSettings = {
				ALWAYS_SEARCH_USER_PATHS = NO;
				CLANG_ANALYZER_NONNULL = YES;
				CLANG_CXX_LANGUAGE_STANDARD = "gnu++0x";
				CLANG_CXX_LIBRARY = "libc++";
				CLANG_ENABLE_MODULES = YES;
				CLANG_ENABLE_OBJC_ARC = YES;
				CLANG_WARN_BOOL_CONVERSION = YES;
				CLANG_WARN_CONSTANT_CONVERSION = YES;
				CLANG_WARN_DIRECT_OBJC_ISA_USAGE = YES_ERROR;
				CLANG_WARN_DOCUMENTATION_COMMENTS = YES;
				CLANG_WARN_EMPTY_BODY = YES;
				CLANG_WARN_ENUM_CONVERSION = YES;
				CLANG_WARN_INFINITE_RECURSION = YES;
				CLANG_WARN_INT_CONVERSION = YES;
				CLANG_WARN_OBJC_ROOT_CLASS = YES_ERROR;
				CLANG_WARN_SUSPICIOUS_MOVE = YES;
				CLANG_WARN_SUSPICIOUS_MOVES = YES;
				CLANG_WARN_UNREACHABLE_CODE = YES;
				CLANG_WARN__DUPLICATE_METHOD_MATCH = YES;
				"CODE_SIGN_IDENTITY[sdk=iphoneos*]" = "iPhone Developer";
				COPY_PHASE_STRIP = NO;
				DEBUG_INFORMATION_FORMAT = dwarf;
				ENABLE_STRICT_OBJC_MSGSEND = YES;
				ENABLE_TESTABILITY = YES;
				GCC_C_LANGUAGE_STANDARD = gnu99;
				GCC_DYNAMIC_NO_PIC = NO;
				GCC_NO_COMMON_BLOCKS = YES;
				GCC_OPTIMIZATION_LEVEL = 0;
				GCC_PREPROCESSOR_DEFINITIONS = (
					"DEBUG=1",
					"$(inherited)",
				);
				GCC_WARN_64_TO_32_BIT_CONVERSION = YES;
				GCC_WARN_ABOUT_RETURN_TYPE = YES_ERROR;
				GCC_WARN_UNDECLARED_SELECTOR = YES;
				GCC_WARN_UNINITIALIZED_AUTOS = YES_AGGRESSIVE;
				GCC_WARN_UNUSED_FUNCTION = YES;
				GCC_WARN_UNUSED_VARIABLE = YES;
				IPHONEOS_DEPLOYMENT_TARGET = 10.1;
				MTL_ENABLE_DEBUG_INFO = YES;
				ONLY_ACTIVE_ARCH = YES;
				SDKROOT = iphoneos;
				SWIFT_ACTIVE_COMPILATION_CONDITIONS = DEBUG;
				SWIFT_OPTIMIZATION_LEVEL = "-Onone";
			};
			name = Debug;
		};
		DDD593EE1E2966C4000EF4B6 /* Release */ = {
			isa = XCBuildConfiguration;
			buildSettings = {
				ALWAYS_SEARCH_USER_PATHS = NO;
				CLANG_ANALYZER_NONNULL = YES;
				CLANG_CXX_LANGUAGE_STANDARD = "gnu++0x";
				CLANG_CXX_LIBRARY = "libc++";
				CLANG_ENABLE_MODULES = YES;
				CLANG_ENABLE_OBJC_ARC = YES;
				CLANG_WARN_BOOL_CONVERSION = YES;
				CLANG_WARN_CONSTANT_CONVERSION = YES;
				CLANG_WARN_DIRECT_OBJC_ISA_USAGE = YES_ERROR;
				CLANG_WARN_DOCUMENTATION_COMMENTS = YES;
				CLANG_WARN_EMPTY_BODY = YES;
				CLANG_WARN_ENUM_CONVERSION = YES;
				CLANG_WARN_INFINITE_RECURSION = YES;
				CLANG_WARN_INT_CONVERSION = YES;
				CLANG_WARN_OBJC_ROOT_CLASS = YES_ERROR;
				CLANG_WARN_SUSPICIOUS_MOVE = YES;
				CLANG_WARN_SUSPICIOUS_MOVES = YES;
				CLANG_WARN_UNREACHABLE_CODE = YES;
				CLANG_WARN__DUPLICATE_METHOD_MATCH = YES;
				"CODE_SIGN_IDENTITY[sdk=iphoneos*]" = "iPhone Developer";
				COPY_PHASE_STRIP = NO;
				DEBUG_INFORMATION_FORMAT = "dwarf-with-dsym";
				ENABLE_NS_ASSERTIONS = NO;
				ENABLE_STRICT_OBJC_MSGSEND = YES;
				GCC_C_LANGUAGE_STANDARD = gnu99;
				GCC_NO_COMMON_BLOCKS = YES;
				GCC_WARN_64_TO_32_BIT_CONVERSION = YES;
				GCC_WARN_ABOUT_RETURN_TYPE = YES_ERROR;
				GCC_WARN_UNDECLARED_SELECTOR = YES;
				GCC_WARN_UNINITIALIZED_AUTOS = YES_AGGRESSIVE;
				GCC_WARN_UNUSED_FUNCTION = YES;
				GCC_WARN_UNUSED_VARIABLE = YES;
				IPHONEOS_DEPLOYMENT_TARGET = 10.1;
				MTL_ENABLE_DEBUG_INFO = NO;
				SDKROOT = iphoneos;
				SWIFT_OPTIMIZATION_LEVEL = "-Owholemodule";
				VALIDATE_PRODUCT = YES;
			};
			name = Release;
		};
		DDD593F01E2966C4000EF4B6 /* Debug */ = {
			isa = XCBuildConfiguration;
			baseConfigurationReference = E0E9A8CE77413B098F66DBFE /* Pods-PlayVideos.debug.xcconfig */;
			buildSettings = {
				ALWAYS_EMBED_SWIFT_STANDARD_LIBRARIES = YES;
				ASSETCATALOG_COMPILER_APPICON_NAME = AppIcon;
				DEVELOPMENT_TEAM = "";
				INFOPLIST_FILE = PlayVideos/Info.plist;
				LD_RUNPATH_SEARCH_PATHS = "$(inherited) @executable_path/Frameworks";
				PRODUCT_BUNDLE_IDENTIFIER = com.nativapps.PlayVideos;
				PRODUCT_NAME = "$(TARGET_NAME)";
				SWIFT_VERSION = 3.0;
			};
			name = Debug;
		};
		DDD593F11E2966C4000EF4B6 /* Release */ = {
			isa = XCBuildConfiguration;
			baseConfigurationReference = C620936769AB3FF5786EDB6E /* Pods-PlayVideos.release.xcconfig */;
			buildSettings = {
				ALWAYS_EMBED_SWIFT_STANDARD_LIBRARIES = YES;
				ASSETCATALOG_COMPILER_APPICON_NAME = AppIcon;
				DEVELOPMENT_TEAM = "";
				INFOPLIST_FILE = PlayVideos/Info.plist;
				LD_RUNPATH_SEARCH_PATHS = "$(inherited) @executable_path/Frameworks";
				PRODUCT_BUNDLE_IDENTIFIER = com.nativapps.PlayVideos;
				PRODUCT_NAME = "$(TARGET_NAME)";
				SWIFT_VERSION = 3.0;
			};
			name = Release;
		};
/* End XCBuildConfiguration section */

/* Begin XCConfigurationList section */
		DDD593D81E2966C4000EF4B6 /* Build configuration list for PBXProject "PlayVideos" */ = {
			isa = XCConfigurationList;
			buildConfigurations = (
				DDD593ED1E2966C4000EF4B6 /* Debug */,
				DDD593EE1E2966C4000EF4B6 /* Release */,
			);
			defaultConfigurationIsVisible = 0;
			defaultConfigurationName = Release;
		};
		DDD593EF1E2966C4000EF4B6 /* Build configuration list for PBXNativeTarget "PlayVideos" */ = {
			isa = XCConfigurationList;
			buildConfigurations = (
				DDD593F01E2966C4000EF4B6 /* Debug */,
				DDD593F11E2966C4000EF4B6 /* Release */,
			);
			defaultConfigurationIsVisible = 0;
			defaultConfigurationName = Release;
		};
/* End XCConfigurationList section */
	};
	rootObject = DDD593D51E2966C4000EF4B6 /* Project object */;
}
